// !$*UTF8*$!
{
	archiveVersion = 1;
	classes = {
	};
	objectVersion = 46;
	objects = {

/* Begin PBXBuildFile section */
		A5157CB11C9F027600BDF59B /* main.cpp in Sources */ = {isa = PBXBuildFile; fileRef = A5157CB01C9F027600BDF59B /* main.cpp */; };
		A5157CC81C9F24CD00BDF59B /* Elf.cpp in Sources */ = {isa = PBXBuildFile; fileRef = A5157CC71C9F24CD00BDF59B /* Elf.cpp */; };
		A5157CCA1C9F260400BDF59B /* Player.cpp in Sources */ = {isa = PBXBuildFile; fileRef = A5157CC91C9F260400BDF59B /* Player.cpp */; };
		A5157CD31C9F2BA100BDF59B /* Ground.cpp in Sources */ = {isa = PBXBuildFile; fileRef = A5157CD11C9F2BA100BDF59B /* Ground.cpp */; };
		A5157CD61C9F4A8300BDF59B /* Music.cpp in Sources */ = {isa = PBXBuildFile; fileRef = A5157CD41C9F4A8300BDF59B /* Music.cpp */; };
		A5157CD91C9F511800BDF59B /* GrassGround.cpp in Sources */ = {isa = PBXBuildFile; fileRef = A5157CD71C9F511800BDF59B /* GrassGround.cpp */; };
		A7C3558B1CA0392100637823 /* BrickGround.cpp in Sources */ = {isa = PBXBuildFile; fileRef = A7C355891CA0392100637823 /* BrickGround.cpp */; };
		A7C3558E1CA03E0700637823 /* SandGround.cpp in Sources */ = {isa = PBXBuildFile; fileRef = A7C3558C1CA03E0600637823 /* SandGround.cpp */; };
/* End PBXBuildFile section */

/* Begin PBXFileReference section */
		A5157CA81C9F027600BDF59B /* Rouguegame2.app */ = {isa = PBXFileReference; explicitFileType = wrapper.application; includeInIndex = 0; path = Rouguegame2.app; sourceTree = BUILT_PRODUCTS_DIR; };
		A5157CAC1C9F027600BDF59B /* Rouguegame2-Info.plist */ = {isa = PBXFileReference; lastKnownFileType = text.plist.xml; path = "Rouguegame2-Info.plist"; sourceTree = "<group>"; };
		A5157CB01C9F027600BDF59B /* main.cpp */ = {isa = PBXFileReference; lastKnownFileType = sourcecode.cpp.cpp; path = main.cpp; sourceTree = "<group>"; };
		A5157CC01C9F07FB00BDF59B /* Player.h */ = {isa = PBXFileReference; fileEncoding = 4; lastKnownFileType = sourcecode.c.h; path = Player.h; sourceTree = "<group>"; };
		A5157CC31C9F1D5000BDF59B /* Elf.h */ = {isa = PBXFileReference; fileEncoding = 4; lastKnownFileType = sourcecode.c.h; path = Elf.h; sourceTree = "<group>"; };
		A5157CC71C9F24CD00BDF59B /* Elf.cpp */ = {isa = PBXFileReference; fileEncoding = 4; lastKnownFileType = sourcecode.cpp.cpp; path = Elf.cpp; sourceTree = "<group>"; };
		A5157CC91C9F260400BDF59B /* Player.cpp */ = {isa = PBXFileReference; fileEncoding = 4; lastKnownFileType = sourcecode.cpp.cpp; path = Player.cpp; sourceTree = "<group>"; };
		A5157CD11C9F2BA100BDF59B /* Ground.cpp */ = {isa = PBXFileReference; fileEncoding = 4; lastKnownFileType = sourcecode.cpp.cpp; path = Ground.cpp; sourceTree = "<group>"; };
		A5157CD21C9F2BA100BDF59B /* Ground.h */ = {isa = PBXFileReference; fileEncoding = 4; lastKnownFileType = sourcecode.c.h; path = Ground.h; sourceTree = "<group>"; };
		A5157CD41C9F4A8300BDF59B /* Music.cpp */ = {isa = PBXFileReference; fileEncoding = 4; lastKnownFileType = sourcecode.cpp.cpp; path = Music.cpp; sourceTree = "<group>"; };
		A5157CD51C9F4A8300BDF59B /* Music.h */ = {isa = PBXFileReference; fileEncoding = 4; lastKnownFileType = sourcecode.c.h; path = Music.h; sourceTree = "<group>"; };
		A5157CD71C9F511800BDF59B /* GrassGround.cpp */ = {isa = PBXFileReference; fileEncoding = 4; lastKnownFileType = sourcecode.cpp.cpp; path = GrassGround.cpp; sourceTree = "<group>"; };
		A5157CD81C9F511800BDF59B /* GrassGround.hpp */ = {isa = PBXFileReference; fileEncoding = 4; lastKnownFileType = sourcecode.cpp.h; path = GrassGround.hpp; sourceTree = "<group>"; };
		A7C355891CA0392100637823 /* BrickGround.cpp */ = {isa = PBXFileReference; fileEncoding = 4; lastKnownFileType = sourcecode.cpp.cpp; path = BrickGround.cpp; sourceTree = "<group>"; };
		A7C3558A1CA0392100637823 /* BrickGround.hpp */ = {isa = PBXFileReference; fileEncoding = 4; lastKnownFileType = sourcecode.cpp.h; path = BrickGround.hpp; sourceTree = "<group>"; };
		A7C3558C1CA03E0600637823 /* SandGround.cpp */ = {isa = PBXFileReference; fileEncoding = 4; lastKnownFileType = sourcecode.cpp.cpp; path = SandGround.cpp; sourceTree = "<group>"; };
		A7C3558D1CA03E0700637823 /* SandGround.hpp */ = {isa = PBXFileReference; fileEncoding = 4; lastKnownFileType = sourcecode.cpp.h; path = SandGround.hpp; sourceTree = "<group>"; };
/* End PBXFileReference section */

/* Begin PBXFrameworksBuildPhase section */
		A5157CA41C9F027600BDF59B /* Frameworks */ = {
			isa = PBXFrameworksBuildPhase;
			buildActionMask = 2147483647;
			files = (
			);
			runOnlyForDeploymentPostprocessing = 0;
		};
/* End PBXFrameworksBuildPhase section */

/* Begin PBXGroup section */
		A5157C9E1C9F027600BDF59B = {
			isa = PBXGroup;
			children = (
				A5157CAA1C9F027600BDF59B /* Rouguegame2 */,
				A5157CA91C9F027600BDF59B /* Products */,
			);
			sourceTree = "<group>";
		};
		A5157CA91C9F027600BDF59B /* Products */ = {
			isa = PBXGroup;
			children = (
				A5157CA81C9F027600BDF59B /* Rouguegame2.app */,
			);
			name = Products;
			sourceTree = "<group>";
		};
		A5157CAA1C9F027600BDF59B /* Rouguegame2 */ = {
			isa = PBXGroup;
			children = (
				A5157CB01C9F027600BDF59B /* main.cpp */,
				A5157CC01C9F07FB00BDF59B /* Player.h */,
				A5157CC91C9F260400BDF59B /* Player.cpp */,
				A5157CC31C9F1D5000BDF59B /* Elf.h */,
				A5157CC71C9F24CD00BDF59B /* Elf.cpp */,
				A5157CD21C9F2BA100BDF59B /* Ground.h */,
				A5157CD11C9F2BA100BDF59B /* Ground.cpp */,
				A5157CD81C9F511800BDF59B /* GrassGround.hpp */,
				A5157CD71C9F511800BDF59B /* GrassGround.cpp */,
				A7C355891CA0392100637823 /* BrickGround.cpp */,
				A7C3558C1CA03E0600637823 /* SandGround.cpp */,
				A7C3558D1CA03E0700637823 /* SandGround.hpp */,
				A7C3558A1CA0392100637823 /* BrickGround.hpp */,
				A5157CD51C9F4A8300BDF59B /* Music.h */,
				A5157CD41C9F4A8300BDF59B /* Music.cpp */,
				A5157CB21C9F027600BDF59B /* Resources */,
				A5157CAB1C9F027600BDF59B /* Supporting Files */,
			);
			path = Rouguegame2;
			sourceTree = "<group>";
		};
		A5157CAB1C9F027600BDF59B /* Supporting Files */ = {
			isa = PBXGroup;
			children = (
				A5157CAC1C9F027600BDF59B /* Rouguegame2-Info.plist */,
			);
			name = "Supporting Files";
			sourceTree = "<group>";
		};
		A5157CB21C9F027600BDF59B /* Resources */ = {
			isa = PBXGroup;
			children = (
			);
			name = Resources;
			sourceTree = "<group>";
		};
/* End PBXGroup section */

/* Begin PBXNativeTarget section */
		A5157CA71C9F027600BDF59B /* Rouguegame2 */ = {
			isa = PBXNativeTarget;
			buildConfigurationList = A5157CBD1C9F027600BDF59B /* Build configuration list for PBXNativeTarget "Rouguegame2" */;
			buildPhases = (
				A5157CA31C9F027600BDF59B /* Sources */,
				A5157CA41C9F027600BDF59B /* Frameworks */,
				A5157CA51C9F027600BDF59B /* Resources */,
				A5157CA61C9F027600BDF59B /* ShellScript */,
			);
			buildRules = (
			);
			dependencies = (
			);
			name = Rouguegame2;
			productName = Rouguegame2;
			productReference = A5157CA81C9F027600BDF59B /* Rouguegame2.app */;
			productType = "com.apple.product-type.application";
		};
/* End PBXNativeTarget section */

/* Begin PBXProject section */
		A5157C9F1C9F027600BDF59B /* Project object */ = {
			isa = PBXProject;
			attributes = {
				LastUpgradeCheck = 0720;
				ORGANIZATIONNAME = "Francesco Pegoraro";
				TargetAttributes = {
					A5157CA71C9F027600BDF59B = {
						CreatedOnToolsVersion = 7.2.1;
					};
				};
			};
			buildConfigurationList = A5157CA21C9F027600BDF59B /* Build configuration list for PBXProject "Rouguegame2" */;
			compatibilityVersion = "Xcode 3.2";
			developmentRegion = English;
			hasScannedForEncodings = 0;
			knownRegions = (
				en,
			);
			mainGroup = A5157C9E1C9F027600BDF59B;
			productRefGroup = A5157CA91C9F027600BDF59B /* Products */;
			projectDirPath = "";
			projectRoot = "";
			targets = (
				A5157CA71C9F027600BDF59B /* Rouguegame2 */,
			);
		};
/* End PBXProject section */

/* Begin PBXResourcesBuildPhase section */
		A5157CA51C9F027600BDF59B /* Resources */ = {
			isa = PBXResourcesBuildPhase;
			buildActionMask = 2147483647;
			files = (
			);
			runOnlyForDeploymentPostprocessing = 0;
		};
/* End PBXResourcesBuildPhase section */

/* Begin PBXShellScriptBuildPhase section */
		A5157CA61C9F027600BDF59B /* ShellScript */ = {
			isa = PBXShellScriptBuildPhase;
			buildActionMask = 2147483647;
			files = (
			);
			inputPaths = (
			);
			outputPaths = (
			);
			runOnlyForDeploymentPostprocessing = 0;
			shellPath = /bin/sh;
			shellScript = "# This shell script simply copies required SFML dylibs/frameworks into the application bundle frameworks folder.\n# If you're using static libraries (which is not recommended) you should remove this script from your project.\n\n# SETTINGS\nCMAKE_INSTALL_FRAMEWORK_PREFIX=\"/Library/Frameworks\"\nCMAKE_INSTALL_LIB_PREFIX=\"/usr/local/lib\"\nFRAMEWORKS_FULL_PATH=\"$BUILT_PRODUCTS_DIR/$FRAMEWORKS_FOLDER_PATH/\"\n\n# Are we building a project that uses frameworks or dylibs?\ncase \"$SFML_BINARY_TYPE\" in\n    DYLIBS)\n        frameworks=\"false\"\n        ;;\n    *)\n        frameworks=\"true\"\n        ;;\nesac\n\n# Echoes to stderr\nerror () # $* message to display\n{\n    echo $* 1>&2\n    exit 2\n}\n\nassert () # $1 is a boolean, $2...N is an error message\n{\n    if [ $# -lt 2 ]\n    then\n        error \"Internal error in assert: not enough args\"\n    fi\n\n    if [ $1 -ne 0 ]\n    then\n        shift\n        error \"$*\"\n    fi\n}\n\nforce_remove () # $@ is some paths\n{\n    test $# -ge 1\n    assert $? \"force_remove() requires at least one parameter\"\n    rm -fr $@\n    assert $? \"couldn't remove $@\"\n}\n\ncopy () # $1 is a source, $2 is a destination\n{\n    test $# -eq 2\n    assert $? \"copy() requires two parameters\"\n    ditto \"$1\" \"$2\"\n    assert $? \"couldn't copy $1 to $2\"\n}\n\nrequire () # $1 is a SFML module like 'system' or 'audio'\n{\n    dest=\"$BUILT_PRODUCTS_DIR/$FRAMEWORKS_FOLDER_PATH/\"\n\n    if [ -z \"$1\" ]\n    then\n        error \"require() requires one parameter!\"\n    else\n        # clean potentially old stuff\n        force_remove \"$dest/libsfml-$1\"*\n        force_remove \"$dest/sfml-$1.framework\"\n\n        # copy SFML libraries\n        if [ \"$frameworks\" = \"true\" ]\n        then\n            source=\"$CMAKE_INSTALL_FRAMEWORK_PREFIX/sfml-$1.framework\"\n            target=\"sfml-$1.framework\"\n        elif [ \"$SFML_LINK_DYLIBS_SUFFIX\" = \"-d\" ]\n        then\n            source=\"$CMAKE_INSTALL_LIB_PREFIX/libsfml-$1-d.dylib\"\n            target=\"`readlink $source`\"\n        else\n            source=\"$CMAKE_INSTALL_LIB_PREFIX/libsfml-$1.dylib\"\n            target=\"`readlink $source`\"\n        fi\n\n        copy \"$source\" \"$dest/$target\"\n\n        # copy extra dependencies\n        if [ \"$1\" = \"audio\" ]\n        then\n            # copy \"FLAC\" \"ogg\" \"vorbis\" \"vorbisenc\" \"vorbisfile\" \"OpenAL\" frameworks too\n            for f in \"FLAC\" \"ogg\" \"vorbis\" \"vorbisenc\" \"vorbisfile\" \"OpenAL\"\n            do\n                copy \"$CMAKE_INSTALL_FRAMEWORK_PREFIX/$f.framework\" \"$dest/$f.framework\"\n            done\n        elif [ \"$1\" = \"graphics\" ]\n        then\n            copy \"$CMAKE_INSTALL_FRAMEWORK_PREFIX/freetype.framework\" \"$dest/freetype.framework\"\n        fi\n    fi\n}\n\nif [ -n \"$SFML_SYSTEM\" ]\nthen\n    require \"system\"\nfi\n\nif [ -n \"$SFML_AUDIO\" ]\nthen\n    require \"audio\"\nfi\n\nif [ -n \"$SFML_NETWORK\" ]\nthen\n    require \"network\"\nfi\n\nif [ -n \"$SFML_WINDOW\" ]\nthen\n    require \"window\"\nfi\n\nif [ -n \"$SFML_GRAPHICS\" ]\nthen\n    require \"graphics\"\nfi\n\n                ";
		};
/* End PBXShellScriptBuildPhase section */

/* Begin PBXSourcesBuildPhase section */
		A5157CA31C9F027600BDF59B /* Sources */ = {
			isa = PBXSourcesBuildPhase;
			buildActionMask = 2147483647;
			files = (
				A5157CD61C9F4A8300BDF59B /* Music.cpp in Sources */,
				A5157CB11C9F027600BDF59B /* main.cpp in Sources */,
				A7C3558B1CA0392100637823 /* BrickGround.cpp in Sources */,
				A5157CC81C9F24CD00BDF59B /* Elf.cpp in Sources */,
				A7C3558E1CA03E0700637823 /* SandGround.cpp in Sources */,
				A5157CD31C9F2BA100BDF59B /* Ground.cpp in Sources */,
				A5157CCA1C9F260400BDF59B /* Player.cpp in Sources */,
				A5157CD91C9F511800BDF59B /* GrassGround.cpp in Sources */,
			);
			runOnlyForDeploymentPostprocessing = 0;
		};
/* End PBXSourcesBuildPhase section */

/* Begin XCBuildConfiguration section */
		A5157CBB1C9F027600BDF59B /* Debug */ = {
			isa = XCBuildConfiguration;
			buildSettings = {
				ARCHS = (
					i386,
					x86_64,
				);
				CLANG_CXX_LANGUAGE_STANDARD = "c++0x";
				CLANG_CXX_LIBRARY = "libc++";
				FRAMEWORK_SEARCH_PATHS = (
					/Library/Frameworks/,
					"$(inherited)",
				);
				GCC_VERSION = com.apple.compilers.llvm.clang.1_0;
				HEADER_SEARCH_PATHS = (
					/usr/local/include/,
					"$(inherited)",
				);
				LIBRARY_SEARCH_PATHS = (
					/usr/local/lib/,
					"$(inherited)",
				);
				MACOSX_DEPLOYMENT_TARGET = 10.7;
				OTHER_LDFLAGS = (
					"$(inherited)",
					"$(SFML_SYSTEM)",
					"$(SFML_WINDOW)",
					"$(SFML_GRAPHICS)",
					"$(SFML_AUDIO)",
					"$(SFML_NETWORK)",
				);
				SFML_AUDIO = "$(SFML_LINK_PREFIX) sfml-audio$(SFML_LINK_SUFFIX)";
				SFML_BINARY_TYPE = FRAMEWORKS;
				SFML_GRAPHICS = "$(SFML_LINK_PREFIX) sfml-graphics$(SFML_LINK_SUFFIX)";
				SFML_LINK_DYLIBS_PREFIX = "-l";
				SFML_LINK_DYLIBS_SUFFIX = "";
				SFML_LINK_FRAMEWORKS_PREFIX = "-framework";
				SFML_LINK_FRAMEWORKS_SUFFIX = "";
				SFML_LINK_PREFIX = "$(SFML_LINK_$(SFML_BINARY_TYPE)_PREFIX)";
				SFML_LINK_SUFFIX = "$(SFML_LINK_$(SFML_BINARY_TYPE)_SUFFIX)";
				SFML_NETWORK = "$(SFML_LINK_PREFIX) sfml-network$(SFML_LINK_SUFFIX)";
				SFML_SYSTEM = "$(SFML_LINK_PREFIX) sfml-system$(SFML_LINK_SUFFIX)";
				SFML_WINDOW = "$(SFML_LINK_PREFIX) sfml-window$(SFML_LINK_SUFFIX)";
				SUPPORTED_PLATFORMS = macosx;
			};
			name = Debug;
		};
		A5157CBC1C9F027600BDF59B /* Release */ = {
			isa = XCBuildConfiguration;
			buildSettings = {
				ARCHS = (
					i386,
					x86_64,
				);
				CLANG_CXX_LANGUAGE_STANDARD = "c++0x";
				CLANG_CXX_LIBRARY = "libc++";
				FRAMEWORK_SEARCH_PATHS = (
					/Library/Frameworks/,
					"$(inherited)",
				);
				GCC_VERSION = com.apple.compilers.llvm.clang.1_0;
				HEADER_SEARCH_PATHS = (
					/usr/local/include/,
					"$(inherited)",
				);
				LIBRARY_SEARCH_PATHS = (
					/usr/local/lib/,
					"$(inherited)",
				);
				MACOSX_DEPLOYMENT_TARGET = 10.7;
				OTHER_LDFLAGS = (
					"$(inherited)",
					"$(SFML_SYSTEM)",
					"$(SFML_WINDOW)",
					"$(SFML_GRAPHICS)",
					"$(SFML_AUDIO)",
					"$(SFML_NETWORK)",
				);
				SFML_AUDIO = "$(SFML_LINK_PREFIX) sfml-audio$(SFML_LINK_SUFFIX)";
				SFML_BINARY_TYPE = FRAMEWORKS;
				SFML_GRAPHICS = "$(SFML_LINK_PREFIX) sfml-graphics$(SFML_LINK_SUFFIX)";
				SFML_LINK_DYLIBS_PREFIX = "-l";
				SFML_LINK_DYLIBS_SUFFIX = "";
				SFML_LINK_FRAMEWORKS_PREFIX = "-framework";
				SFML_LINK_FRAMEWORKS_SUFFIX = "";
				SFML_LINK_PREFIX = "$(SFML_LINK_$(SFML_BINARY_TYPE)_PREFIX)";
				SFML_LINK_SUFFIX = "$(SFML_LINK_$(SFML_BINARY_TYPE)_SUFFIX)";
				SFML_NETWORK = "$(SFML_LINK_PREFIX) sfml-network$(SFML_LINK_SUFFIX)";
				SFML_SYSTEM = "$(SFML_LINK_PREFIX) sfml-system$(SFML_LINK_SUFFIX)";
				SFML_WINDOW = "$(SFML_LINK_PREFIX) sfml-window$(SFML_LINK_SUFFIX)";
				SUPPORTED_PLATFORMS = macosx;
			};
			name = Release;
		};
		A5157CBE1C9F027600BDF59B /* Debug */ = {
			isa = XCBuildConfiguration;
			buildSettings = {
				ASSETCATALOG_COMPILER_APPICON_NAME = AppIcon;
				INFOPLIST_FILE = "Rouguegame2/Rouguegame2-Info.plist";
				LD_RUNPATH_SEARCH_PATHS = "@loader_path/../Frameworks";
				PRODUCT_NAME = "$(TARGET_NAME)";
			};
			name = Debug;
		};
		A5157CBF1C9F027600BDF59B /* Release */ = {
			isa = XCBuildConfiguration;
			buildSettings = {
				ASSETCATALOG_COMPILER_APPICON_NAME = AppIcon;
				INFOPLIST_FILE = "Rouguegame2/Rouguegame2-Info.plist";
				LD_RUNPATH_SEARCH_PATHS = "@loader_path/../Frameworks";
				PRODUCT_NAME = "$(TARGET_NAME)";
			};
			name = Release;
		};
/* End XCBuildConfiguration section */

/* Begin XCConfigurationList section */
		A5157CA21C9F027600BDF59B /* Build configuration list for PBXProject "Rouguegame2" */ = {
			isa = XCConfigurationList;
			buildConfigurations = (
				A5157CBB1C9F027600BDF59B /* Debug */,
				A5157CBC1C9F027600BDF59B /* Release */,
			);
			defaultConfigurationIsVisible = 0;
			defaultConfigurationName = Release;
		};
		A5157CBD1C9F027600BDF59B /* Build configuration list for PBXNativeTarget "Rouguegame2" */ = {
			isa = XCConfigurationList;
			buildConfigurations = (
				A5157CBE1C9F027600BDF59B /* Debug */,
				A5157CBF1C9F027600BDF59B /* Release */,
			);
			defaultConfigurationIsVisible = 0;
			defaultConfigurationName = Release;
		};
/* End XCConfigurationList section */
	};
	rootObject = A5157C9F1C9F027600BDF59B /* Project object */;
}
